
Microsoft Visual Studio Solution File, Format Version 12.00
# Visual Studio 15
VisualStudioVersion = 15.0.28010.2041
MinimumVisualStudioVersion = 10.0.40219.1
Project("{FAE04EC0-301F-11D3-BF4B-00C04F79EFBC}") = "PlantsVsZombies", "PlantsVsZombies.csproj", "{47FF2801-96D5-4476-8CD5-DB1C0A106866}"
EndProject
Global
	GlobalSection(SolutionConfigurationPlatforms) = preSolution
		Debug|Any CPU = Debug|Any CPU
		Release|Any CPU = Release|Any CPU
	EndGlobalSection
	GlobalSection(ProjectConfigurationPlatforms) = postSolution
		{47FF2801-96D5-4476-8CD5-DB1C0A106866}.Debug|Any CPU.ActiveCfg = Debug|Any CPU
		{47FF2801-96D5-4476-8CD5-DB1C0A106866}.Debug|Any CPU.Build.0 = Debug|Any CPU
		{47FF2801-96D5-4476-8CD5-DB1C0A106866}.Release|Any CPU.ActiveCfg = Release|Any CPU
		{47FF2801-96D5-4476-8CD5-DB1C0A106866}.Release|Any CPU.Build.0 = Release|Any CPU
	EndGlobalSection
	GlobalSection(SolutionProperties) = preSolution
		HideSolutionNode = FALSE
	EndGlobalSection
	GlobalSection(ExtensibilityGlobals) = postSolution
		SolutionGuid = {E6F9E3C1-E06A-46F6-B4E4-C3FA0794FC33}
	EndGlobalSection
EndGlobal
